
Microsoft Visual Studio Solution File, Format Version 12.00
# Visual Studio Version 17
VisualStudioVersion = 17.12.35707.178 d17.12
MinimumVisualStudioVersion = 10.0.40219.1
Project("{FAE04EC0-301F-11D3-BF4B-00C04F79EFBC}") = "ScheduleX.Web", "ScheduleX.Web\ScheduleX.Web.csproj", "{F9814879-4E43-43F1-BAB3-98F75DFAFFE9}"
EndProject
Project("{FAE04EC0-301F-11D3-BF4B-00C04F79EFBC}") = "ScheduleX.Core", "ScheduleX.Core\ScheduleX.Core.csproj", "{A141F748-5117-4877-B84E-9DAF56DFB0D4}"
EndProject
Project("{FAE04EC0-301F-11D3-BF4B-00C04F79EFBC}") = "ScheduleX.Infrastructure", "ScheduleX.Infrastructure\ScheduleX.Infrastructure.csproj", "{6F301B8C-12BA-4162-9A9E-1B98DF0E90F5}"
EndProject
Global
	GlobalSection(SolutionConfigurationPlatforms) = preSolution
		Debug|Any CPU = Debug|Any CPU
		Release|Any CPU = Release|Any CPU
	EndGlobalSection
	GlobalSection(ProjectConfigurationPlatforms) = postSolution
		{F9814879-4E43-43F1-BAB3-98F75DFAFFE9}.Debug|Any CPU.ActiveCfg = Debug|Any CPU
		{F9814879-4E43-43F1-BAB3-98F75DFAFFE9}.Debug|Any CPU.Build.0 = Debug|Any CPU
		{F9814879-4E43-43F1-BAB3-98F75DFAFFE9}.Release|Any CPU.ActiveCfg = Release|Any CPU
		{F9814879-4E43-43F1-BAB3-98F75DFAFFE9}.Release|Any CPU.Build.0 = Release|Any CPU
		{A141F748-5117-4877-B84E-9DAF56DFB0D4}.Debug|Any CPU.ActiveCfg = Debug|Any CPU
		{A141F748-5117-4877-B84E-9DAF56DFB0D4}.Debug|Any CPU.Build.0 = Debug|Any CPU
		{A141F748-5117-4877-B84E-9DAF56DFB0D4}.Release|Any CPU.ActiveCfg = Release|Any CPU
		{A141F748-5117-4877-B84E-9DAF56DFB0D4}.Release|Any CPU.Build.0 = Release|Any CPU
		{6F301B8C-12BA-4162-9A9E-1B98DF0E90F5}.Debug|Any CPU.ActiveCfg = Debug|Any CPU
		{6F301B8C-12BA-4162-9A9E-1B98DF0E90F5}.Debug|Any CPU.Build.0 = Debug|Any CPU
		{6F301B8C-12BA-4162-9A9E-1B98DF0E90F5}.Release|Any CPU.ActiveCfg = Release|Any CPU
		{6F301B8C-12BA-4162-9A9E-1B98DF0E90F5}.Release|Any CPU.Build.0 = Release|Any CPU
	EndGlobalSection
	GlobalSection(SolutionProperties) = preSolution
		HideSolutionNode = FALSE
	EndGlobalSection
EndGlobal
